
Microsoft Visual Studio Solution File, Format Version 12.00
# Visual Studio Version 17
VisualStudioVersion = 17.7.34018.315
MinimumVisualStudioVersion = 10.0.40219.1
Project("{9A19103F-16F7-4668-BE54-9A1E7A4F7556}") = "Entities", "Entities\Entities.csproj", "{3E9BE8DD-574A-47A2-8383-F64B9637486C}"
EndProject
Project("{9A19103F-16F7-4668-BE54-9A1E7A4F7556}") = "DataAccess", "DataAccess\DataAccess.csproj", "{C36F75E5-6D77-44BC-9A88-34D1454ACDF4}"
EndProject
Project("{9A19103F-16F7-4668-BE54-9A1E7A4F7556}") = "Business", "Business\Business.csproj", "{9B1C336E-B898-4892-9955-086497E9CD5A}"
EndProject
Project("{9A19103F-16F7-4668-BE54-9A1E7A4F7556}") = "ConsoleUI", "ConsoleUI\ConsoleUI.csproj", "{963C80E1-7618-4B1D-9748-D49F0D2A6A6B}"
EndProject
Project("{FAE04EC0-301F-11D3-BF4B-00C04F79EFBC}") = "Core", "Core\Core.csproj", "{C033BB85-D9CA-42DF-955C-65AF540E8154}"
EndProject
Global
	GlobalSection(SolutionConfigurationPlatforms) = preSolution
		Debug|Any CPU = Debug|Any CPU
		Release|Any CPU = Release|Any CPU
	EndGlobalSection
	GlobalSection(ProjectConfigurationPlatforms) = postSolution
		{3E9BE8DD-574A-47A2-8383-F64B9637486C}.Debug|Any CPU.ActiveCfg = Debug|Any CPU
		{3E9BE8DD-574A-47A2-8383-F64B9637486C}.Debug|Any CPU.Build.0 = Debug|Any CPU
		{3E9BE8DD-574A-47A2-8383-F64B9637486C}.Release|Any CPU.ActiveCfg = Release|Any CPU
		{3E9BE8DD-574A-47A2-8383-F64B9637486C}.Release|Any CPU.Build.0 = Release|Any CPU
		{C36F75E5-6D77-44BC-9A88-34D1454ACDF4}.Debug|Any CPU.ActiveCfg = Debug|Any CPU
		{C36F75E5-6D77-44BC-9A88-34D1454ACDF4}.Debug|Any CPU.Build.0 = Debug|Any CPU
		{C36F75E5-6D77-44BC-9A88-34D1454ACDF4}.Release|Any CPU.ActiveCfg = Release|Any CPU
		{C36F75E5-6D77-44BC-9A88-34D1454ACDF4}.Release|Any CPU.Build.0 = Release|Any CPU
		{9B1C336E-B898-4892-9955-086497E9CD5A}.Debug|Any CPU.ActiveCfg = Debug|Any CPU
		{9B1C336E-B898-4892-9955-086497E9CD5A}.Debug|Any CPU.Build.0 = Debug|Any CPU
		{9B1C336E-B898-4892-9955-086497E9CD5A}.Release|Any CPU.ActiveCfg = Release|Any CPU
		{9B1C336E-B898-4892-9955-086497E9CD5A}.Release|Any CPU.Build.0 = Release|Any CPU
		{963C80E1-7618-4B1D-9748-D49F0D2A6A6B}.Debug|Any CPU.ActiveCfg = Debug|Any CPU
		{963C80E1-7618-4B1D-9748-D49F0D2A6A6B}.Debug|Any CPU.Build.0 = Debug|Any CPU
		{963C80E1-7618-4B1D-9748-D49F0D2A6A6B}.Release|Any CPU.ActiveCfg = Release|Any CPU
		{963C80E1-7618-4B1D-9748-D49F0D2A6A6B}.Release|Any CPU.Build.0 = Release|Any CPU
		{C033BB85-D9CA-42DF-955C-65AF540E8154}.Debug|Any CPU.ActiveCfg = Debug|Any CPU
		{C033BB85-D9CA-42DF-955C-65AF540E8154}.Debug|Any CPU.Build.0 = Debug|Any CPU
		{C033BB85-D9CA-42DF-955C-65AF540E8154}.Release|Any CPU.ActiveCfg = Release|Any CPU
		{C033BB85-D9CA-42DF-955C-65AF540E8154}.Release|Any CPU.Build.0 = Release|Any CPU
	EndGlobalSection
	GlobalSection(SolutionProperties) = preSolution
		HideSolutionNode = FALSE
	EndGlobalSection
	GlobalSection(ExtensibilityGlobals) = postSolution
		SolutionGuid = {A1CCC8EA-03E1-4E83-BE7E-7D44542F4904}
	EndGlobalSection
EndGlobal
